
Microsoft Visual Studio Solution File, Format Version 12.00
# Visual Studio Version 16
VisualStudioVersion = 16.0.30611.23
MinimumVisualStudioVersion = 10.0.40219.1
Project("{FAE04EC0-301F-11D3-BF4B-00C04F79EFBC}") = "rko-test-app", "rko-test-app\rko-test-app.csproj", "{6853A50F-9731-4593-B8DF-B5870EE24E88}"
EndProject
Global
	GlobalSection(SolutionConfigurationPlatforms) = preSolution
		Debug|Any CPU = Debug|Any CPU
		Release|Any CPU = Release|Any CPU
	EndGlobalSection
	GlobalSection(ProjectConfigurationPlatforms) = postSolution
		{6853A50F-9731-4593-B8DF-B5870EE24E88}.Debug|Any CPU.ActiveCfg = Debug|Any CPU
		{6853A50F-9731-4593-B8DF-B5870EE24E88}.Debug|Any CPU.Build.0 = Debug|Any CPU
		{6853A50F-9731-4593-B8DF-B5870EE24E88}.Release|Any CPU.ActiveCfg = Release|Any CPU
		{6853A50F-9731-4593-B8DF-B5870EE24E88}.Release|Any CPU.Build.0 = Release|Any CPU
	EndGlobalSection
	GlobalSection(SolutionProperties) = preSolution
		HideSolutionNode = FALSE
	EndGlobalSection
	GlobalSection(ExtensibilityGlobals) = postSolution
		SolutionGuid = {D4C7B440-2335-4856-A013-F2211C788177}
	EndGlobalSection
EndGlobal
